{
  "name": "shoplist",
  "version": "0.0.1",
  "lockfileVersion": 2,
  "requires": true,
  "packages": {
    "": {
      "name": "shoplist",
      "version": "0.0.1",
      "dependencies": {
        "jlinx-web-server": "file:../../packages/jlinx-demo-app"
      }
    },
    "../../packages/jlinx-demo-app": {
      "version": "0.0.1",
      "license": "MIT",
      "dependencies": {
        "body-parser": "^1.20.0",
        "debug": "^4.3.4",
        "express": "^4.18.1",
        "express-http-proxy": "^1.6.3",
        "prisma": "^4.4.0"
      },
      "bin": {
        "db-migrate": "bin/db-migrate"
      }
    },
    "node_modules/jlinx-web-server": {
      "resolved": "../../packages/jlinx-demo-app",
      "link": true
    }
  },
  "dependencies": {
    "jlinx-web-server": {
      "version": "file:../../packages/jlinx-demo-app",
      "requires": {
        "body-parser": "^1.20.0",
        "debug": "^4.3.4",
        "express": "^4.18.1",
        "express-http-proxy": "^1.6.3",
        "prisma": "^4.4.0"
      }
    }
  }
}
